
Microsoft Visual Studio Solution File, Format Version 12.00
# Visual Studio 2012
Project("{D954291E-2A0B-460D-934E-DC6B0785DB48}") = "Appoxidelab.MvvmCross.Ninject.Shared", "Appoxidelab.MvvmCross.Ninject.Shared\Appoxidelab.MvvmCross.Ninject.Shared.shproj", "{987D0E17-1A97-43EE-88E2-F07CFBA5822D}"
EndProject
Project("{FAE04EC0-301F-11D3-BF4B-00C04F79EFBC}") = "Appoxidelab.MvvmCross.Ninject.Android", "Appoxidelab.MvvmCross.Ninject.Android\Appoxidelab.MvvmCross.Ninject.Android.csproj", "{E0DC3861-1EC9-4B85-A8C5-A2AF54DA6FF4}"
EndProject
Project("{FAE04EC0-301F-11D3-BF4B-00C04F79EFBC}") = "Appoxidelab.MvvmCross.Ninject.iOS", "Appoxidelab.MvvmCross.Ninject.iOS\Appoxidelab.MvvmCross.Ninject.iOS.csproj", "{76F2E635-6E34-42D9-B8BD-DF260D689B30}"
EndProject
Project("{FAE04EC0-301F-11D3-BF4B-00C04F79EFBC}") = "Appoxidelab.MvvmCross.Ninject", "Appoxidelab.MvvmCross.Ninject\Appoxidelab.MvvmCross.Ninject.csproj", "{0E0D73DC-CCAB-4211-B28A-89316EE7E1B8}"
EndProject
Project("{5DD5E4FA-CB73-4610-85AB-557B54E96AA9}") = "Appoxidelab.MvvmCross.Ninject.NuGet", "Appoxidelab.MvvmCross.Ninject.NuGet\Appoxidelab.MvvmCross.Ninject.NuGet.nuproj", "{7ADEF5FA-F29E-4AB8-991E-106397F8DA9D}"
EndProject
Project("{FAE04EC0-301F-11D3-BF4B-00C04F79EFBC}") = "Appoxidelab.MvvmCross.Forms.Ninject.Android", "Appoxidelab.MvvmCross.Forms.Ninject.Android\Appoxidelab.MvvmCross.Forms.Ninject.Android.csproj", "{29672C66-FC33-4C2A-9D6D-2866F7C5B8D8}"
EndProject
Project("{5DD5E4FA-CB73-4610-85AB-557B54E96AA9}") = "Appoxidelab.MvvmCross.Forms.Ninject.Nuget", "Appoxidelab.MvvmCross.Forms.Ninject.Nuget\Appoxidelab.MvvmCross.Forms.Ninject.Nuget.nuproj", "{4B3A19D2-824F-44C2-9898-192984356722}"
EndProject
Project("{FAE04EC0-301F-11D3-BF4B-00C04F79EFBC}") = "Appoxidelab.MvvmCross.Forms.Ninject.iOS", "Appoxidelab.MvvmCross.Forms.Ninject.iOS\Appoxidelab.MvvmCross.Forms.Ninject.iOS.csproj", "{92A90F29-AE3C-4B13-BE05-C8EB1B43B7CE}"
EndProject
Global
	GlobalSection(SolutionConfigurationPlatforms) = preSolution
		Debug|Any CPU = Debug|Any CPU
		Release|Any CPU = Release|Any CPU
	EndGlobalSection
	GlobalSection(ProjectConfigurationPlatforms) = postSolution
		{E0DC3861-1EC9-4B85-A8C5-A2AF54DA6FF4}.Debug|Any CPU.ActiveCfg = Debug|Any CPU
		{E0DC3861-1EC9-4B85-A8C5-A2AF54DA6FF4}.Debug|Any CPU.Build.0 = Debug|Any CPU
		{E0DC3861-1EC9-4B85-A8C5-A2AF54DA6FF4}.Release|Any CPU.ActiveCfg = Release|Any CPU
		{E0DC3861-1EC9-4B85-A8C5-A2AF54DA6FF4}.Release|Any CPU.Build.0 = Release|Any CPU
		{76F2E635-6E34-42D9-B8BD-DF260D689B30}.Debug|Any CPU.ActiveCfg = Debug|Any CPU
		{76F2E635-6E34-42D9-B8BD-DF260D689B30}.Debug|Any CPU.Build.0 = Debug|Any CPU
		{76F2E635-6E34-42D9-B8BD-DF260D689B30}.Release|Any CPU.ActiveCfg = Release|Any CPU
		{76F2E635-6E34-42D9-B8BD-DF260D689B30}.Release|Any CPU.Build.0 = Release|Any CPU
		{0E0D73DC-CCAB-4211-B28A-89316EE7E1B8}.Debug|Any CPU.ActiveCfg = Debug|Any CPU
		{0E0D73DC-CCAB-4211-B28A-89316EE7E1B8}.Debug|Any CPU.Build.0 = Debug|Any CPU
		{0E0D73DC-CCAB-4211-B28A-89316EE7E1B8}.Release|Any CPU.ActiveCfg = Release|Any CPU
		{0E0D73DC-CCAB-4211-B28A-89316EE7E1B8}.Release|Any CPU.Build.0 = Release|Any CPU
		{7ADEF5FA-F29E-4AB8-991E-106397F8DA9D}.Debug|Any CPU.ActiveCfg = Debug|Any CPU
		{7ADEF5FA-F29E-4AB8-991E-106397F8DA9D}.Debug|Any CPU.Build.0 = Debug|Any CPU
		{7ADEF5FA-F29E-4AB8-991E-106397F8DA9D}.Release|Any CPU.ActiveCfg = Release|Any CPU
		{7ADEF5FA-F29E-4AB8-991E-106397F8DA9D}.Release|Any CPU.Build.0 = Release|Any CPU
		{29672C66-FC33-4C2A-9D6D-2866F7C5B8D8}.Debug|Any CPU.ActiveCfg = Debug|Any CPU
		{29672C66-FC33-4C2A-9D6D-2866F7C5B8D8}.Debug|Any CPU.Build.0 = Debug|Any CPU
		{29672C66-FC33-4C2A-9D6D-2866F7C5B8D8}.Release|Any CPU.ActiveCfg = Release|Any CPU
		{29672C66-FC33-4C2A-9D6D-2866F7C5B8D8}.Release|Any CPU.Build.0 = Release|Any CPU
		{4B3A19D2-824F-44C2-9898-192984356722}.Debug|Any CPU.ActiveCfg = Debug|Any CPU
		{4B3A19D2-824F-44C2-9898-192984356722}.Debug|Any CPU.Build.0 = Debug|Any CPU
		{4B3A19D2-824F-44C2-9898-192984356722}.Release|Any CPU.ActiveCfg = Release|Any CPU
		{4B3A19D2-824F-44C2-9898-192984356722}.Release|Any CPU.Build.0 = Release|Any CPU
		{92A90F29-AE3C-4B13-BE05-C8EB1B43B7CE}.Debug|Any CPU.ActiveCfg = Debug|Any CPU
		{92A90F29-AE3C-4B13-BE05-C8EB1B43B7CE}.Debug|Any CPU.Build.0 = Debug|Any CPU
		{92A90F29-AE3C-4B13-BE05-C8EB1B43B7CE}.Release|Any CPU.ActiveCfg = Release|Any CPU
		{92A90F29-AE3C-4B13-BE05-C8EB1B43B7CE}.Release|Any CPU.Build.0 = Release|Any CPU
	EndGlobalSection
EndGlobal
